
Microsoft Visual Studio Solution File, Format Version 11.00
# Visual Studio 2010
Project("{FAE04EC0-301F-11D3-BF4B-00C04F79EFBC}") = "GonnaDeleteRest", "Assembly-CSharp.csproj", "{899F5638-D34A-7116-C225-8752F0552C97}"
EndProject
Global
	GlobalSection(SolutionConfigurationPlatforms) = preSolution
		Debug|Any CPU = Debug|Any CPU
		Release|Any CPU = Release|Any CPU
	EndGlobalSection
	GlobalSection(ProjectConfigurationPlatforms) = postSolution
		{899F5638-D34A-7116-C225-8752F0552C97}.Debug|Any CPU.ActiveCfg = Debug|Any CPU
		{899F5638-D34A-7116-C225-8752F0552C97}.Debug|Any CPU.Build.0 = Debug|Any CPU
		{899F5638-D34A-7116-C225-8752F0552C97}.Release|Any CPU.ActiveCfg = Release|Any CPU
		{899F5638-D34A-7116-C225-8752F0552C97}.Release|Any CPU.Build.0 = Release|Any CPU
	EndGlobalSection
	GlobalSection(SolutionProperties) = preSolution
		HideSolutionNode = FALSE
	EndGlobalSection
	GlobalSection(MonoDevelopProperties) = preSolution
		StartupItem = Assembly-CSharp.csproj
	EndGlobalSection
EndGlobal
